// !$*UTF8*$!
{
	archiveVersion = 1;
	classes = {
	};
	objectVersion = 46;
	objects = {

/* Begin PBXBuildFile section */
		2337F19A16AF5874001C4F30 /* fake_lib1.cpp in Sources */ = {isa = PBXBuildFile; fileRef = 2337F19916AF5874001C4F30 /* fake_lib1.cpp */; };
		235F4C4316B8F8FD000B145C /* Compatibility.cpp in Sources */ = {isa = PBXBuildFile; fileRef = 235F4C1416B8F8FD000B145C /* Compatibility.cpp */; };
		235F4C4416B8F8FD000B145C /* GameDisplay.cpp in Sources */ = {isa = PBXBuildFile; fileRef = 235F4C1616B8F8FD000B145C /* GameDisplay.cpp */; };
		235F4C4516B8F8FD000B145C /* GUIApp.cpp in Sources */ = {isa = PBXBuildFile; fileRef = 235F4C1816B8F8FD000B145C /* GUIApp.cpp */; };
		235F4C4616B8F8FD000B145C /* GUIAudio.cpp in Sources */ = {isa = PBXBuildFile; fileRef = 235F4C1A16B8F8FD000B145C /* GUIAudio.cpp */; };
		235F4C4716B8F8FD000B145C /* GUIController.cpp in Sources */ = {isa = PBXBuildFile; fileRef = 235F4C1D16B8F8FD000B145C /* GUIController.cpp */; };
		235F4C4816B8F8FD000B145C /* GUIFonts in Resources */ = {isa = PBXBuildFile; fileRef = 235F4C2116B8F8FD000B145C /* GUIFonts */; };
		235F4C4916B8F8FD000B145C /* GUIImage.cpp in Sources */ = {isa = PBXBuildFile; fileRef = 235F4C2216B8F8FD000B145C /* GUIImage.cpp */; };
		235F4C4A16B8F8FD000B145C /* GUIImageCache.cpp in Sources */ = {isa = PBXBuildFile; fileRef = 235F4C2416B8F8FD000B145C /* GUIImageCache.cpp */; };
		235F4C4B16B8F8FD000B145C /* GUIImages in Resources */ = {isa = PBXBuildFile; fileRef = 235F4C2616B8F8FD000B145C /* GUIImages */; };
		235F4C4C16B8F8FD000B145C /* GUIImageView.cpp in Sources */ = {isa = PBXBuildFile; fileRef = 235F4C2716B8F8FD000B145C /* GUIImageView.cpp */; };
		235F4C4D16B8F8FD000B145C /* GUILetter.cpp in Sources */ = {isa = PBXBuildFile; fileRef = 235F4C2916B8F8FD000B145C /* GUILetter.cpp */; };
		235F4C4E16B8F8FD000B145C /* GUIMsg.cpp in Sources */ = {isa = PBXBuildFile; fileRef = 235F4C2B16B8F8FD000B145C /* GUIMsg.cpp */; };
		235F4C4F16B8F8FD000B145C /* GUIScrollView.cpp in Sources */ = {isa = PBXBuildFile; fileRef = 235F4C2D16B8F8FD000B145C /* GUIScrollView.cpp */; };
		235F4C5016B8F8FD000B145C /* GUITextViews.cpp in Sources */ = {isa = PBXBuildFile; fileRef = 235F4C2F16B8F8FD000B145C /* GUITextViews.cpp */; };
		235F4C5116B8F8FD000B145C /* GUITimer.cpp in Sources */ = {isa = PBXBuildFile; fileRef = 235F4C3116B8F8FD000B145C /* GUITimer.cpp */; };
		235F4C5216B8F8FD000B145C /* GUIUtility.cpp in Sources */ = {isa = PBXBuildFile; fileRef = 235F4C3316B8F8FD000B145C /* GUIUtility.cpp */; };
		235F4C5316B8F8FD000B145C /* GUIValBox.cpp in Sources */ = {isa = PBXBuildFile; fileRef = 235F4C3516B8F8FD000B145C /* GUIValBox.cpp */; };
		235F4C5416B8F8FD000B145C /* GUIView.cpp in Sources */ = {isa = PBXBuildFile; fileRef = 235F4C3716B8F8FD000B145C /* GUIView.cpp */; };
		235F4C5516B8F8FD000B145C /* GUIWindow.cpp in Sources */ = {isa = PBXBuildFile; fileRef = 235F4C3916B8F8FD000B145C /* GUIWindow.cpp */; };
		235F4C5616B8F8FD000B145C /* Letter.cpp in Sources */ = {isa = PBXBuildFile; fileRef = 235F4C3B16B8F8FD000B145C /* Letter.cpp */; };
		235F4C5716B8F8FD000B145C /* NewNewGUITextView.cpp in Sources */ = {isa = PBXBuildFile; fileRef = 235F4C3E16B8F8FD000B145C /* NewNewGUITextView.cpp */; };
		2384ED7D16C77985009220F1 /* SDLMain.m in Sources */ = {isa = PBXBuildFile; fileRef = 235F4C4216B8F8FD000B145C /* SDLMain.m */; };
		2384ED7E16C77A63009220F1 /* main.cpp in Sources */ = {isa = PBXBuildFile; fileRef = 23E37DAC16A75DDC006BBEB1 /* main.cpp */; };
		23C6155E16D465E50084EB2E /* SDL_ttf.framework in Frameworks */ = {isa = PBXBuildFile; fileRef = 23C6155C16D465E50084EB2E /* SDL_ttf.framework */; };
		23C6155F16D465E50084EB2E /* SDL.framework in Frameworks */ = {isa = PBXBuildFile; fileRef = 23C6155D16D465E50084EB2E /* SDL.framework */; };
		23C6156016D465F70084EB2E /* SDL_ttf.framework in CopyFiles */ = {isa = PBXBuildFile; fileRef = 23C6155C16D465E50084EB2E /* SDL_ttf.framework */; };
		23C6156116D465F70084EB2E /* SDL.framework in CopyFiles */ = {isa = PBXBuildFile; fileRef = 23C6155D16D465E50084EB2E /* SDL.framework */; };
		23C6156416D4663B0084EB2E /* SDL_image.framework in Frameworks */ = {isa = PBXBuildFile; fileRef = 23C6156216D4663B0084EB2E /* SDL_image.framework */; };
		23C6156516D4663B0084EB2E /* SDL_mixer.framework in Frameworks */ = {isa = PBXBuildFile; fileRef = 23C6156316D4663B0084EB2E /* SDL_mixer.framework */; };
		23C6156616D466410084EB2E /* SDL_image.framework in CopyFiles */ = {isa = PBXBuildFile; fileRef = 23C6156216D4663B0084EB2E /* SDL_image.framework */; };
		23C6156716D466410084EB2E /* SDL_mixer.framework in CopyFiles */ = {isa = PBXBuildFile; fileRef = 23C6156316D4663B0084EB2E /* SDL_mixer.framework */; };
		23C6156B16D487240084EB2E /* GUISpreadSheet.cpp in Sources */ = {isa = PBXBuildFile; fileRef = 23C6156A16D487230084EB2E /* GUISpreadSheet.cpp */; };
		23E37D2D16A75BD4006BBEB1 /* Cocoa.framework in Frameworks */ = {isa = PBXBuildFile; fileRef = 23E37D2C16A75BD4006BBEB1 /* Cocoa.framework */; };
		23E37D3716A75BD4006BBEB1 /* InfoPlist.strings in Resources */ = {isa = PBXBuildFile; fileRef = 23E37D3516A75BD4006BBEB1 /* InfoPlist.strings */; };
/* End PBXBuildFile section */

/* Begin PBXCopyFilesBuildPhase section */
		23E37DAE16A75EB8006BBEB1 /* CopyFiles */ = {
			isa = PBXCopyFilesBuildPhase;
			buildActionMask = 2147483647;
			dstPath = "";
			dstSubfolderSpec = 10;
			files = (
				23C6156616D466410084EB2E /* SDL_image.framework in CopyFiles */,
				23C6156716D466410084EB2E /* SDL_mixer.framework in CopyFiles */,
				23C6156016D465F70084EB2E /* SDL_ttf.framework in CopyFiles */,
				23C6156116D465F70084EB2E /* SDL.framework in CopyFiles */,
			);
			runOnlyForDeploymentPostprocessing = 0;
		};
/* End PBXCopyFilesBuildPhase section */

/* Begin PBXFileReference section */
		2337F19816AF5800001C4F30 /* fake_lib1.h */ = {isa = PBXFileReference; fileEncoding = 4; lastKnownFileType = sourcecode.c.h; path = fake_lib1.h; sourceTree = "<group>"; };
		2337F19916AF5874001C4F30 /* fake_lib1.cpp */ = {isa = PBXFileReference; fileEncoding = 4; lastKnownFileType = sourcecode.cpp.cpp; path = fake_lib1.cpp; sourceTree = "<group>"; };
		235F4C1416B8F8FD000B145C /* Compatibility.cpp */ = {isa = PBXFileReference; fileEncoding = 4; lastKnownFileType = sourcecode.cpp.cpp; path = Compatibility.cpp; sourceTree = "<group>"; };
		235F4C1516B8F8FD000B145C /* Compatibility.h */ = {isa = PBXFileReference; fileEncoding = 4; lastKnownFileType = sourcecode.c.h; path = Compatibility.h; sourceTree = "<group>"; };
		235F4C1616B8F8FD000B145C /* GameDisplay.cpp */ = {isa = PBXFileReference; fileEncoding = 4; lastKnownFileType = sourcecode.cpp.cpp; path = GameDisplay.cpp; sourceTree = "<group>"; };
		235F4C1716B8F8FD000B145C /* GameDisplay.h */ = {isa = PBXFileReference; fileEncoding = 4; lastKnownFileType = sourcecode.c.h; path = GameDisplay.h; sourceTree = "<group>"; };
		235F4C1816B8F8FD000B145C /* GUIApp.cpp */ = {isa = PBXFileReference; fileEncoding = 4; lastKnownFileType = sourcecode.cpp.cpp; path = GUIApp.cpp; sourceTree = "<group>"; };
		235F4C1916B8F8FD000B145C /* GUIApp.h */ = {isa = PBXFileReference; fileEncoding = 4; lastKnownFileType = sourcecode.c.h; path = GUIApp.h; sourceTree = "<group>"; };
		235F4C1A16B8F8FD000B145C /* GUIAudio.cpp */ = {isa = PBXFileReference; fileEncoding = 4; lastKnownFileType = sourcecode.cpp.cpp; path = GUIAudio.cpp; sourceTree = "<group>"; };
		235F4C1B16B8F8FD000B145C /* GUIAudio.h */ = {isa = PBXFileReference; fileEncoding = 4; lastKnownFileType = sourcecode.c.h; path = GUIAudio.h; sourceTree = "<group>"; };
		235F4C1C16B8F8FD000B145C /* GUIButton.h */ = {isa = PBXFileReference; fileEncoding = 4; lastKnownFileType = sourcecode.c.h; path = GUIButton.h; sourceTree = "<group>"; };
		235F4C1D16B8F8FD000B145C /* GUIController.cpp */ = {isa = PBXFileReference; fileEncoding = 4; lastKnownFileType = sourcecode.cpp.cpp; path = GUIController.cpp; sourceTree = "<group>"; };
		235F4C1E16B8F8FD000B145C /* GUIController.h */ = {isa = PBXFileReference; fileEncoding = 4; lastKnownFileType = sourcecode.c.h; path = GUIController.h; sourceTree = "<group>"; };
		235F4C1F16B8F8FD000B145C /* GUIErrorHandling_old.h */ = {isa = PBXFileReference; fileEncoding = 4; lastKnownFileType = sourcecode.c.h; path = GUIErrorHandling_old.h; sourceTree = "<group>"; };
		235F4C2016B8F8FD000B145C /* GUIErrorHandling.h */ = {isa = PBXFileReference; fileEncoding = 4; lastKnownFileType = sourcecode.c.h; path = GUIErrorHandling.h; sourceTree = "<group>"; };
		235F4C2116B8F8FD000B145C /* GUIFonts */ = {isa = PBXFileReference; lastKnownFileType = folder; path = GUIFonts; sourceTree = "<group>"; };
		235F4C2216B8F8FD000B145C /* GUIImage.cpp */ = {isa = PBXFileReference; fileEncoding = 4; lastKnownFileType = sourcecode.cpp.cpp; path = GUIImage.cpp; sourceTree = "<group>"; };
		235F4C2316B8F8FD000B145C /* GUIImage.h */ = {isa = PBXFileReference; fileEncoding = 4; lastKnownFileType = sourcecode.c.h; path = GUIImage.h; sourceTree = "<group>"; };
		235F4C2416B8F8FD000B145C /* GUIImageCache.cpp */ = {isa = PBXFileReference; fileEncoding = 4; lastKnownFileType = sourcecode.cpp.cpp; path = GUIImageCache.cpp; sourceTree = "<group>"; };
		235F4C2516B8F8FD000B145C /* GUIImageCache.h */ = {isa = PBXFileReference; fileEncoding = 4; lastKnownFileType = sourcecode.c.h; path = GUIImageCache.h; sourceTree = "<group>"; };
		235F4C2616B8F8FD000B145C /* GUIImages */ = {isa = PBXFileReference; lastKnownFileType = folder; path = GUIImages; sourceTree = "<group>"; };
		235F4C2716B8F8FD000B145C /* GUIImageView.cpp */ = {isa = PBXFileReference; fileEncoding = 4; lastKnownFileType = sourcecode.cpp.cpp; path = GUIImageView.cpp; sourceTree = "<group>"; };
		235F4C2816B8F8FD000B145C /* GUIImageView.h */ = {isa = PBXFileReference; fileEncoding = 4; lastKnownFileType = sourcecode.c.h; path = GUIImageView.h; sourceTree = "<group>"; };
		235F4C2916B8F8FD000B145C /* GUILetter.cpp */ = {isa = PBXFileReference; fileEncoding = 4; lastKnownFileType = sourcecode.cpp.cpp; path = GUILetter.cpp; sourceTree = "<group>"; };
		235F4C2A16B8F8FD000B145C /* GUILetter.h */ = {isa = PBXFileReference; fileEncoding = 4; lastKnownFileType = sourcecode.c.h; path = GUILetter.h; sourceTree = "<group>"; };
		235F4C2B16B8F8FD000B145C /* GUIMsg.cpp */ = {isa = PBXFileReference; fileEncoding = 4; lastKnownFileType = sourcecode.cpp.cpp; path = GUIMsg.cpp; sourceTree = "<group>"; };
		235F4C2C16B8F8FD000B145C /* GUIMsg.h */ = {isa = PBXFileReference; fileEncoding = 4; lastKnownFileType = sourcecode.c.h; path = GUIMsg.h; sourceTree = "<group>"; };
		235F4C2D16B8F8FD000B145C /* GUIScrollView.cpp */ = {isa = PBXFileReference; fileEncoding = 4; lastKnownFileType = sourcecode.cpp.cpp; path = GUIScrollView.cpp; sourceTree = "<group>"; };
		235F4C2E16B8F8FD000B145C /* GUIScrollView.h */ = {isa = PBXFileReference; fileEncoding = 4; lastKnownFileType = sourcecode.c.h; path = GUIScrollView.h; sourceTree = "<group>"; };
		235F4C2F16B8F8FD000B145C /* GUITextViews.cpp */ = {isa = PBXFileReference; fileEncoding = 4; lastKnownFileType = sourcecode.cpp.cpp; path = GUITextViews.cpp; sourceTree = "<group>"; };
		235F4C3016B8F8FD000B145C /* GUITextViews.h */ = {isa = PBXFileReference; fileEncoding = 4; lastKnownFileType = sourcecode.c.h; path = GUITextViews.h; sourceTree = "<group>"; };
		235F4C3116B8F8FD000B145C /* GUITimer.cpp */ = {isa = PBXFileReference; fileEncoding = 4; lastKnownFileType = sourcecode.cpp.cpp; path = GUITimer.cpp; sourceTree = "<group>"; };
		235F4C3216B8F8FD000B145C /* GUITimer.h */ = {isa = PBXFileReference; fileEncoding = 4; lastKnownFileType = sourcecode.c.h; path = GUITimer.h; sourceTree = "<group>"; };
		235F4C3316B8F8FD000B145C /* GUIUtility.cpp */ = {isa = PBXFileReference; fileEncoding = 4; lastKnownFileType = sourcecode.cpp.cpp; path = GUIUtility.cpp; sourceTree = "<group>"; };
		235F4C3416B8F8FD000B145C /* GUIUtility.h */ = {isa = PBXFileReference; fileEncoding = 4; lastKnownFileType = sourcecode.c.h; path = GUIUtility.h; sourceTree = "<group>"; };
		235F4C3516B8F8FD000B145C /* GUIValBox.cpp */ = {isa = PBXFileReference; fileEncoding = 4; lastKnownFileType = sourcecode.cpp.cpp; path = GUIValBox.cpp; sourceTree = "<group>"; };
		235F4C3616B8F8FD000B145C /* GUIValBox.h */ = {isa = PBXFileReference; fileEncoding = 4; lastKnownFileType = sourcecode.c.h; path = GUIValBox.h; sourceTree = "<group>"; };
		235F4C3716B8F8FD000B145C /* GUIView.cpp */ = {isa = PBXFileReference; fileEncoding = 4; lastKnownFileType = sourcecode.cpp.cpp; path = GUIView.cpp; sourceTree = "<group>"; };
		235F4C3816B8F8FD000B145C /* GUIView.h */ = {isa = PBXFileReference; fileEncoding = 4; lastKnownFileType = sourcecode.c.h; path = GUIView.h; sourceTree = "<group>"; };
		235F4C3916B8F8FD000B145C /* GUIWindow.cpp */ = {isa = PBXFileReference; fileEncoding = 4; lastKnownFileType = sourcecode.cpp.cpp; path = GUIWindow.cpp; sourceTree = "<group>"; };
		235F4C3A16B8F8FD000B145C /* GUIWindow.h */ = {isa = PBXFileReference; fileEncoding = 4; lastKnownFileType = sourcecode.c.h; path = GUIWindow.h; sourceTree = "<group>"; };
		235F4C3B16B8F8FD000B145C /* Letter.cpp */ = {isa = PBXFileReference; fileEncoding = 4; lastKnownFileType = sourcecode.cpp.cpp; path = Letter.cpp; sourceTree = "<group>"; };
		235F4C3C16B8F8FD000B145C /* Letter.h */ = {isa = PBXFileReference; fileEncoding = 4; lastKnownFileType = sourcecode.c.h; path = Letter.h; sourceTree = "<group>"; };
		235F4C3D16B8F8FD000B145C /* NathanSingleton.h */ = {isa = PBXFileReference; fileEncoding = 4; lastKnownFileType = sourcecode.c.h; path = NathanSingleton.h; sourceTree = "<group>"; };
		235F4C3E16B8F8FD000B145C /* NewNewGUITextView.cpp */ = {isa = PBXFileReference; fileEncoding = 4; lastKnownFileType = sourcecode.cpp.cpp; path = NewNewGUITextView.cpp; sourceTree = "<group>"; };
		235F4C3F16B8F8FD000B145C /* NewNewGUITextView.h */ = {isa = PBXFileReference; fileEncoding = 4; lastKnownFileType = sourcecode.c.h; path = NewNewGUITextView.h; sourceTree = "<group>"; };
		235F4C4016B8F8FD000B145C /* Ptr_config.h */ = {isa = PBXFileReference; fileEncoding = 4; lastKnownFileType = sourcecode.c.h; path = Ptr_config.h; sourceTree = "<group>"; };
		235F4C4116B8F8FD000B145C /* SDLMain.h */ = {isa = PBXFileReference; fileEncoding = 4; lastKnownFileType = sourcecode.c.h; path = SDLMain.h; sourceTree = "<group>"; };
		235F4C4216B8F8FD000B145C /* SDLMain.m */ = {isa = PBXFileReference; fileEncoding = 4; lastKnownFileType = sourcecode.c.objc; path = SDLMain.m; sourceTree = "<group>"; };
		23C6151616D2D15F0084EB2E /* GUIErrorHandling_Impl.h */ = {isa = PBXFileReference; fileEncoding = 4; lastKnownFileType = sourcecode.c.h; path = GUIErrorHandling_Impl.h; sourceTree = "<group>"; };
		23C6155C16D465E50084EB2E /* SDL_ttf.framework */ = {isa = PBXFileReference; lastKnownFileType = wrapper.framework; name = SDL_ttf.framework; path = GUI_Showcase/gui/SDL_ttf.framework; sourceTree = "<group>"; };
		23C6155D16D465E50084EB2E /* SDL.framework */ = {isa = PBXFileReference; lastKnownFileType = wrapper.framework; name = SDL.framework; path = GUI_Showcase/gui/SDL.framework; sourceTree = "<group>"; };
		23C6156216D4663B0084EB2E /* SDL_image.framework */ = {isa = PBXFileReference; lastKnownFileType = wrapper.framework; name = SDL_image.framework; path = GUI_Showcase/gui/SDL_image.framework; sourceTree = "<group>"; };
		23C6156316D4663B0084EB2E /* SDL_mixer.framework */ = {isa = PBXFileReference; lastKnownFileType = wrapper.framework; name = SDL_mixer.framework; path = GUI_Showcase/gui/SDL_mixer.framework; sourceTree = "<group>"; };
		23C6156916D4868D0084EB2E /* GUISpreadsheet.h */ = {isa = PBXFileReference; fileEncoding = 4; lastKnownFileType = sourcecode.c.h; path = GUISpreadsheet.h; sourceTree = "<group>"; };
		23C6156A16D487230084EB2E /* GUISpreadSheet.cpp */ = {isa = PBXFileReference; fileEncoding = 4; lastKnownFileType = sourcecode.cpp.cpp; path = GUISpreadSheet.cpp; sourceTree = "<group>"; };
		23E37D2816A75BD4006BBEB1 /* GUI_Showcase.app */ = {isa = PBXFileReference; explicitFileType = wrapper.application; includeInIndex = 0; path = GUI_Showcase.app; sourceTree = BUILT_PRODUCTS_DIR; };
		23E37D2C16A75BD4006BBEB1 /* Cocoa.framework */ = {isa = PBXFileReference; lastKnownFileType = wrapper.framework; name = Cocoa.framework; path = System/Library/Frameworks/Cocoa.framework; sourceTree = SDKROOT; };
		23E37D3416A75BD4006BBEB1 /* GUI_Showcase-Info.plist */ = {isa = PBXFileReference; lastKnownFileType = text.plist.xml; path = "GUI_Showcase-Info.plist"; sourceTree = "<group>"; };
		23E37D3616A75BD4006BBEB1 /* en */ = {isa = PBXFileReference; lastKnownFileType = text.plist.strings; name = en; path = en.lproj/InfoPlist.strings; sourceTree = "<group>"; };
		23E37D3A16A75BD4006BBEB1 /* GUI_Showcase-Prefix.pch */ = {isa = PBXFileReference; lastKnownFileType = sourcecode.c.h; path = "GUI_Showcase-Prefix.pch"; sourceTree = "<group>"; };
		23E37DAC16A75DDC006BBEB1 /* main.cpp */ = {isa = PBXFileReference; fileEncoding = 4; lastKnownFileType = sourcecode.cpp.cpp; path = main.cpp; sourceTree = "<group>"; };
/* End PBXFileReference section */

/* Begin PBXFrameworksBuildPhase section */
		23E37D2516A75BD4006BBEB1 /* Frameworks */ = {
			isa = PBXFrameworksBuildPhase;
			buildActionMask = 2147483647;
			files = (
				23E37D2D16A75BD4006BBEB1 /* Cocoa.framework in Frameworks */,
				23C6155E16D465E50084EB2E /* SDL_ttf.framework in Frameworks */,
				23C6155F16D465E50084EB2E /* SDL.framework in Frameworks */,
				23C6156416D4663B0084EB2E /* SDL_image.framework in Frameworks */,
				23C6156516D4663B0084EB2E /* SDL_mixer.framework in Frameworks */,
			);
			runOnlyForDeploymentPostprocessing = 0;
		};
/* End PBXFrameworksBuildPhase section */

/* Begin PBXGroup section */
		23E37D1D16A75BD4006BBEB1 = {
			isa = PBXGroup;
			children = (
				23E37D3216A75BD4006BBEB1 /* GUI_Showcase */,
				23E37D2B16A75BD4006BBEB1 /* Frameworks */,
				23E37D2916A75BD4006BBEB1 /* Products */,
			);
			sourceTree = "<group>";
		};
		23E37D2916A75BD4006BBEB1 /* Products */ = {
			isa = PBXGroup;
			children = (
				23E37D2816A75BD4006BBEB1 /* GUI_Showcase.app */,
			);
			name = Products;
			sourceTree = "<group>";
		};
		23E37D2B16A75BD4006BBEB1 /* Frameworks */ = {
			isa = PBXGroup;
			children = (
				23C6155C16D465E50084EB2E /* SDL_ttf.framework */,
				23C6155D16D465E50084EB2E /* SDL.framework */,
				23C6156216D4663B0084EB2E /* SDL_image.framework */,
				23C6156316D4663B0084EB2E /* SDL_mixer.framework */,
				23E37D2C16A75BD4006BBEB1 /* Cocoa.framework */,
			);
			name = Frameworks;
			sourceTree = "<group>";
		};
		23E37D3216A75BD4006BBEB1 /* GUI_Showcase */ = {
			isa = PBXGroup;
			children = (
				23E37DAC16A75DDC006BBEB1 /* main.cpp */,
				2337F19816AF5800001C4F30 /* fake_lib1.h */,
				2337F19916AF5874001C4F30 /* fake_lib1.cpp */,
				23E37D3316A75BD4006BBEB1 /* Supporting Files */,
			);
			path = GUI_Showcase;
			sourceTree = "<group>";
		};
		23E37D3316A75BD4006BBEB1 /* Supporting Files */ = {
			isa = PBXGroup;
			children = (
				23E37D4916A75D09006BBEB1 /* gui */,
				23E37D3416A75BD4006BBEB1 /* GUI_Showcase-Info.plist */,
				23E37D3516A75BD4006BBEB1 /* InfoPlist.strings */,
				23E37D3A16A75BD4006BBEB1 /* GUI_Showcase-Prefix.pch */,
			);
			name = "Supporting Files";
			sourceTree = "<group>";
		};
		23E37D4916A75D09006BBEB1 /* gui */ = {
			isa = PBXGroup;
			children = (
				235F4C1416B8F8FD000B145C /* Compatibility.cpp */,
				235F4C1516B8F8FD000B145C /* Compatibility.h */,
				235F4C1616B8F8FD000B145C /* GameDisplay.cpp */,
				235F4C1716B8F8FD000B145C /* GameDisplay.h */,
				235F4C1816B8F8FD000B145C /* GUIApp.cpp */,
				235F4C1916B8F8FD000B145C /* GUIApp.h */,
				235F4C1A16B8F8FD000B145C /* GUIAudio.cpp */,
				235F4C1B16B8F8FD000B145C /* GUIAudio.h */,
				235F4C1C16B8F8FD000B145C /* GUIButton.h */,
				235F4C1D16B8F8FD000B145C /* GUIController.cpp */,
				235F4C1E16B8F8FD000B145C /* GUIController.h */,
				235F4C1F16B8F8FD000B145C /* GUIErrorHandling_old.h */,
				235F4C2016B8F8FD000B145C /* GUIErrorHandling.h */,
				23C6151616D2D15F0084EB2E /* GUIErrorHandling_Impl.h */,
				235F4C2116B8F8FD000B145C /* GUIFonts */,
				235F4C2216B8F8FD000B145C /* GUIImage.cpp */,
				235F4C2316B8F8FD000B145C /* GUIImage.h */,
				235F4C2416B8F8FD000B145C /* GUIImageCache.cpp */,
				235F4C2516B8F8FD000B145C /* GUIImageCache.h */,
				235F4C2616B8F8FD000B145C /* GUIImages */,
				235F4C2716B8F8FD000B145C /* GUIImageView.cpp */,
				235F4C2816B8F8FD000B145C /* GUIImageView.h */,
				235F4C2916B8F8FD000B145C /* GUILetter.cpp */,
				235F4C2A16B8F8FD000B145C /* GUILetter.h */,
				235F4C2B16B8F8FD000B145C /* GUIMsg.cpp */,
				235F4C2C16B8F8FD000B145C /* GUIMsg.h */,
				235F4C2D16B8F8FD000B145C /* GUIScrollView.cpp */,
				235F4C2E16B8F8FD000B145C /* GUIScrollView.h */,
				235F4C2F16B8F8FD000B145C /* GUITextViews.cpp */,
				235F4C3016B8F8FD000B145C /* GUITextViews.h */,
				235F4C3116B8F8FD000B145C /* GUITimer.cpp */,
				235F4C3216B8F8FD000B145C /* GUITimer.h */,
				235F4C3316B8F8FD000B145C /* GUIUtility.cpp */,
				235F4C3416B8F8FD000B145C /* GUIUtility.h */,
				235F4C3516B8F8FD000B145C /* GUIValBox.cpp */,
				235F4C3616B8F8FD000B145C /* GUIValBox.h */,
				23C6156A16D487230084EB2E /* GUISpreadSheet.cpp */,
				23C6156916D4868D0084EB2E /* GUISpreadsheet.h */,
				235F4C3716B8F8FD000B145C /* GUIView.cpp */,
				235F4C3816B8F8FD000B145C /* GUIView.h */,
				235F4C3916B8F8FD000B145C /* GUIWindow.cpp */,
				235F4C3A16B8F8FD000B145C /* GUIWindow.h */,
				235F4C3B16B8F8FD000B145C /* Letter.cpp */,
				235F4C3C16B8F8FD000B145C /* Letter.h */,
				235F4C3D16B8F8FD000B145C /* NathanSingleton.h */,
				235F4C3E16B8F8FD000B145C /* NewNewGUITextView.cpp */,
				235F4C3F16B8F8FD000B145C /* NewNewGUITextView.h */,
				235F4C4016B8F8FD000B145C /* Ptr_config.h */,
				235F4C4116B8F8FD000B145C /* SDLMain.h */,
				235F4C4216B8F8FD000B145C /* SDLMain.m */,
			);
			path = gui;
			sourceTree = "<group>";
		};
/* End PBXGroup section */

/* Begin PBXNativeTarget section */
		23E37D2716A75BD4006BBEB1 /* GUI_Showcase */ = {
			isa = PBXNativeTarget;
			buildConfigurationList = 23E37D4616A75BD4006BBEB1 /* Build configuration list for PBXNativeTarget "GUI_Showcase" */;
			buildPhases = (
				23E37D2416A75BD4006BBEB1 /* Sources */,
				23E37D2516A75BD4006BBEB1 /* Frameworks */,
				23E37D2616A75BD4006BBEB1 /* Resources */,
				23E37DAE16A75EB8006BBEB1 /* CopyFiles */,
			);
			buildRules = (
			);
			dependencies = (
			);
			name = GUI_Showcase;
			productName = GUI_Showcase;
			productReference = 23E37D2816A75BD4006BBEB1 /* GUI_Showcase.app */;
			productType = "com.apple.product-type.application";
		};
/* End PBXNativeTarget section */

/* Begin PBXProject section */
		23E37D1F16A75BD4006BBEB1 /* Project object */ = {
			isa = PBXProject;
			attributes = {
				LastUpgradeCheck = 0420;
				ORGANIZATIONNAME = "Lions Entertainment";
			};
			buildConfigurationList = 23E37D2216A75BD4006BBEB1 /* Build configuration list for PBXProject "GUI_Showcase" */;
			compatibilityVersion = "Xcode 3.2";
			developmentRegion = English;
			hasScannedForEncodings = 0;
			knownRegions = (
				en,
			);
			mainGroup = 23E37D1D16A75BD4006BBEB1;
			productRefGroup = 23E37D2916A75BD4006BBEB1 /* Products */;
			projectDirPath = "";
			projectRoot = "";
			targets = (
				23E37D2716A75BD4006BBEB1 /* GUI_Showcase */,
			);
		};
/* End PBXProject section */

/* Begin PBXResourcesBuildPhase section */
		23E37D2616A75BD4006BBEB1 /* Resources */ = {
			isa = PBXResourcesBuildPhase;
			buildActionMask = 2147483647;
			files = (
				23E37D3716A75BD4006BBEB1 /* InfoPlist.strings in Resources */,
				235F4C4816B8F8FD000B145C /* GUIFonts in Resources */,
				235F4C4B16B8F8FD000B145C /* GUIImages in Resources */,
			);
			runOnlyForDeploymentPostprocessing = 0;
		};
/* End PBXResourcesBuildPhase section */

/* Begin PBXSourcesBuildPhase section */
		23E37D2416A75BD4006BBEB1 /* Sources */ = {
			isa = PBXSourcesBuildPhase;
			buildActionMask = 2147483647;
			files = (
				2337F19A16AF5874001C4F30 /* fake_lib1.cpp in Sources */,
				235F4C4316B8F8FD000B145C /* Compatibility.cpp in Sources */,
				235F4C4416B8F8FD000B145C /* GameDisplay.cpp in Sources */,
				235F4C4516B8F8FD000B145C /* GUIApp.cpp in Sources */,
				235F4C4616B8F8FD000B145C /* GUIAudio.cpp in Sources */,
				235F4C4716B8F8FD000B145C /* GUIController.cpp in Sources */,
				235F4C4916B8F8FD000B145C /* GUIImage.cpp in Sources */,
				235F4C4A16B8F8FD000B145C /* GUIImageCache.cpp in Sources */,
				235F4C4C16B8F8FD000B145C /* GUIImageView.cpp in Sources */,
				235F4C4D16B8F8FD000B145C /* GUILetter.cpp in Sources */,
				235F4C4E16B8F8FD000B145C /* GUIMsg.cpp in Sources */,
				235F4C4F16B8F8FD000B145C /* GUIScrollView.cpp in Sources */,
				235F4C5016B8F8FD000B145C /* GUITextViews.cpp in Sources */,
				235F4C5116B8F8FD000B145C /* GUITimer.cpp in Sources */,
				235F4C5216B8F8FD000B145C /* GUIUtility.cpp in Sources */,
				235F4C5316B8F8FD000B145C /* GUIValBox.cpp in Sources */,
				235F4C5416B8F8FD000B145C /* GUIView.cpp in Sources */,
				235F4C5516B8F8FD000B145C /* GUIWindow.cpp in Sources */,
				235F4C5616B8F8FD000B145C /* Letter.cpp in Sources */,
				235F4C5716B8F8FD000B145C /* NewNewGUITextView.cpp in Sources */,
				2384ED7D16C77985009220F1 /* SDLMain.m in Sources */,
				2384ED7E16C77A63009220F1 /* main.cpp in Sources */,
				23C6156B16D487240084EB2E /* GUISpreadSheet.cpp in Sources */,
			);
			runOnlyForDeploymentPostprocessing = 0;
		};
/* End PBXSourcesBuildPhase section */

/* Begin PBXVariantGroup section */
		23E37D3516A75BD4006BBEB1 /* InfoPlist.strings */ = {
			isa = PBXVariantGroup;
			children = (
				23E37D3616A75BD4006BBEB1 /* en */,
			);
			name = InfoPlist.strings;
			sourceTree = "<group>";
		};
/* End PBXVariantGroup section */

/* Begin XCBuildConfiguration section */
		23E37D4416A75BD4006BBEB1 /* Debug */ = {
			isa = XCBuildConfiguration;
			buildSettings = {
				ALWAYS_SEARCH_USER_PATHS = NO;
				ARCHS = "$(ARCHS_STANDARD_64_BIT)";
				COPY_PHASE_STRIP = NO;
				GCC_C_LANGUAGE_STANDARD = gnu99;
				GCC_DYNAMIC_NO_PIC = NO;
				GCC_ENABLE_OBJC_EXCEPTIONS = YES;
				GCC_OPTIMIZATION_LEVEL = 0;
				GCC_PREPROCESSOR_DEFINITIONS = (
					"COMPILED_WITH_XCODE=1",
					"DEBUG=1",
					"$(inherited)",
				);
				GCC_SYMBOLS_PRIVATE_EXTERN = NO;
				GCC_VERSION = com.apple.compilers.llvm.clang.1_0;
				GCC_WARN_64_TO_32_BIT_CONVERSION = YES;
				GCC_WARN_ABOUT_MISSING_PROTOTYPES = YES;
				GCC_WARN_ABOUT_RETURN_TYPE = YES;
				GCC_WARN_UNUSED_VARIABLE = YES;
				HEADER_SEARCH_PATHS = usr/local/include;
				LD_RUNPATH_SEARCH_PATHS = "@loader_path/Resources @loader_path/../Frameworks";
				MACOSX_DEPLOYMENT_TARGET = 10.6;
				ONLY_ACTIVE_ARCH = YES;
				SDKROOT = macosx;
			};
			name = Debug;
		};
		23E37D4516A75BD4006BBEB1 /* Release */ = {
			isa = XCBuildConfiguration;
			buildSettings = {
				ALWAYS_SEARCH_USER_PATHS = NO;
				ARCHS = "$(ARCHS_STANDARD_64_BIT)";
				COPY_PHASE_STRIP = YES;
				DEBUG_INFORMATION_FORMAT = "dwarf-with-dsym";
				GCC_C_LANGUAGE_STANDARD = gnu99;
				GCC_ENABLE_OBJC_EXCEPTIONS = YES;
				GCC_PREPROCESSOR_DEFINITIONS = "COMPILED_WITH_XCODE=1";
				GCC_VERSION = com.apple.compilers.llvm.clang.1_0;
				GCC_WARN_64_TO_32_BIT_CONVERSION = YES;
				GCC_WARN_ABOUT_MISSING_PROTOTYPES = YES;
				GCC_WARN_ABOUT_RETURN_TYPE = YES;
				GCC_WARN_UNUSED_VARIABLE = YES;
				HEADER_SEARCH_PATHS = usr/local/include;
				LD_RUNPATH_SEARCH_PATHS = "@loader_path/Resources @loader_path/../Frameworks";
				MACOSX_DEPLOYMENT_TARGET = 10.6;
				SDKROOT = macosx;
			};
			name = Release;
		};
		23E37D4716A75BD4006BBEB1 /* Debug */ = {
			isa = XCBuildConfiguration;
			buildSettings = {
				FRAMEWORK_SEARCH_PATHS = (
					"@loader_path/../Libraries",
					"$(inherited)",
					"\"$(SRCROOT)/GUI_Showcase/gui\"",
				);
				GCC_PRECOMPILE_PREFIX_HEADER = YES;
				GCC_PREFIX_HEADER = "GUI_Showcase/GUI_Showcase-Prefix.pch";
				INFOPLIST_FILE = "GUI_Showcase/GUI_Showcase-Info.plist";
				PRODUCT_NAME = "$(TARGET_NAME)";
				WRAPPER_EXTENSION = app;
			};
			name = Debug;
		};
		23E37D4816A75BD4006BBEB1 /* Release */ = {
			isa = XCBuildConfiguration;
			buildSettings = {
				FRAMEWORK_SEARCH_PATHS = (
					"@loader_path/../Libraries",
					"$(inherited)",
					"\"$(SRCROOT)/GUI_Showcase/gui\"",
				);
				GCC_PRECOMPILE_PREFIX_HEADER = YES;
				GCC_PREFIX_HEADER = "GUI_Showcase/GUI_Showcase-Prefix.pch";
				INFOPLIST_FILE = "GUI_Showcase/GUI_Showcase-Info.plist";
				PRODUCT_NAME = "$(TARGET_NAME)";
				WRAPPER_EXTENSION = app;
			};
			name = Release;
		};
/* End XCBuildConfiguration section */

/* Begin XCConfigurationList section */
		23E37D2216A75BD4006BBEB1 /* Build configuration list for PBXProject "GUI_Showcase" */ = {
			isa = XCConfigurationList;
			buildConfigurations = (
				23E37D4416A75BD4006BBEB1 /* Debug */,
				23E37D4516A75BD4006BBEB1 /* Release */,
			);
			defaultConfigurationIsVisible = 0;
			defaultConfigurationName = Release;
		};
		23E37D4616A75BD4006BBEB1 /* Build configuration list for PBXNativeTarget "GUI_Showcase" */ = {
			isa = XCConfigurationList;
			buildConfigurations = (
				23E37D4716A75BD4006BBEB1 /* Debug */,
				23E37D4816A75BD4006BBEB1 /* Release */,
			);
			defaultConfigurationIsVisible = 0;
			defaultConfigurationName = Release;
		};
/* End XCConfigurationList section */
	};
	rootObject = 23E37D1F16A75BD4006BBEB1 /* Project object */;
}
