// !$*UTF8*$!
{
	archiveVersion = 1;
	classes = {
	};
	objectVersion = 46;
	objects = {

/* Begin PBXBuildFile section */
		23E37D2D16A75BD4006BBEB1 /* Cocoa.framework in Frameworks */ = {isa = PBXBuildFile; fileRef = 23E37D2C16A75BD4006BBEB1 /* Cocoa.framework */; };
		23E37D3716A75BD4006BBEB1 /* InfoPlist.strings in Resources */ = {isa = PBXBuildFile; fileRef = 23E37D3516A75BD4006BBEB1 /* InfoPlist.strings */; };
		23E37D3916A75BD4006BBEB1 /* main.m in Sources */ = {isa = PBXBuildFile; fileRef = 23E37D3816A75BD4006BBEB1 /* main.m */; };
		23E37D3D16A75BD4006BBEB1 /* Credits.rtf in Resources */ = {isa = PBXBuildFile; fileRef = 23E37D3B16A75BD4006BBEB1 /* Credits.rtf */; };
		23E37D4016A75BD4006BBEB1 /* AppDelegate.m in Sources */ = {isa = PBXBuildFile; fileRef = 23E37D3F16A75BD4006BBEB1 /* AppDelegate.m */; };
		23E37D4316A75BD4006BBEB1 /* MainMenu.xib in Resources */ = {isa = PBXBuildFile; fileRef = 23E37D4116A75BD4006BBEB1 /* MainMenu.xib */; };
/* End PBXBuildFile section */

/* Begin PBXFileReference section */
		23E37D2816A75BD4006BBEB1 /* GUI_Showcase.app */ = {isa = PBXFileReference; explicitFileType = wrapper.application; includeInIndex = 0; path = GUI_Showcase.app; sourceTree = BUILT_PRODUCTS_DIR; };
		23E37D2C16A75BD4006BBEB1 /* Cocoa.framework */ = {isa = PBXFileReference; lastKnownFileType = wrapper.framework; name = Cocoa.framework; path = System/Library/Frameworks/Cocoa.framework; sourceTree = SDKROOT; };
		23E37D2F16A75BD4006BBEB1 /* AppKit.framework */ = {isa = PBXFileReference; lastKnownFileType = wrapper.framework; name = AppKit.framework; path = System/Library/Frameworks/AppKit.framework; sourceTree = SDKROOT; };
		23E37D3016A75BD4006BBEB1 /* CoreData.framework */ = {isa = PBXFileReference; lastKnownFileType = wrapper.framework; name = CoreData.framework; path = System/Library/Frameworks/CoreData.framework; sourceTree = SDKROOT; };
		23E37D3116A75BD4006BBEB1 /* Foundation.framework */ = {isa = PBXFileReference; lastKnownFileType = wrapper.framework; name = Foundation.framework; path = System/Library/Frameworks/Foundation.framework; sourceTree = SDKROOT; };
		23E37D3416A75BD4006BBEB1 /* GUI_Showcase-Info.plist */ = {isa = PBXFileReference; path = "GUI_Showcase-Info.plist"; sourceTree = "<group>"; };
		23E37D3616A75BD4006BBEB1 /* en */ = {isa = PBXFileReference; lastKnownFileType = text.plist.strings; name = en; path = en.lproj/InfoPlist.strings; sourceTree = "<group>"; };
		23E37D3816A75BD4006BBEB1 /* main.m */ = {isa = PBXFileReference; lastKnownFileType = sourcecode.c.objc; path = main.m; sourceTree = "<group>"; };
		23E37D3A16A75BD4006BBEB1 /* GUI_Showcase-Prefix.pch */ = {isa = PBXFileReference; path = "GUI_Showcase-Prefix.pch"; sourceTree = "<group>"; };
		23E37D3C16A75BD4006BBEB1 /* en */ = {isa = PBXFileReference; lastKnownFileType = text.rtf; name = en; path = en.lproj/Credits.rtf; sourceTree = "<group>"; };
		23E37D3E16A75BD4006BBEB1 /* AppDelegate.h */ = {isa = PBXFileReference; path = AppDelegate.h; sourceTree = "<group>"; };
		23E37D3F16A75BD4006BBEB1 /* AppDelegate.m */ = {isa = PBXFileReference; lastKnownFileType = sourcecode.c.objc; path = AppDelegate.m; sourceTree = "<group>"; };
		23E37D4216A75BD4006BBEB1 /* en */ = {isa = PBXFileReference; lastKnownFileType = file.xib; name = en; path = en.lproj/MainMenu.xib; sourceTree = "<group>"; };
/* End PBXFileReference section */

/* Begin PBXFrameworksBuildPhase section */
		23E37D2516A75BD4006BBEB1 /* Frameworks */ = {
			isa = PBXFrameworksBuildPhase;
			buildActionMask = 2147483647;
			files = (
				23E37D2D16A75BD4006BBEB1 /* Cocoa.framework in Frameworks */,
			);
			runOnlyForDeploymentPostprocessing = 0;
		};
/* End PBXFrameworksBuildPhase section */

/* Begin PBXGroup section */
		23E37D1D16A75BD4006BBEB1 = {
			isa = PBXGroup;
			children = (
				23E37D3216A75BD4006BBEB1 /* GUI_Showcase */,
				23E37D2B16A75BD4006BBEB1 /* Frameworks */,
				23E37D2916A75BD4006BBEB1 /* Products */,
			);
			sourceTree = "<group>";
		};
		23E37D2916A75BD4006BBEB1 /* Products */ = {
			isa = PBXGroup;
			children = (
				23E37D2816A75BD4006BBEB1 /* GUI_Showcase.app */,
			);
			name = Products;
			sourceTree = "<group>";
		};
		23E37D2B16A75BD4006BBEB1 /* Frameworks */ = {
			isa = PBXGroup;
			children = (
				23E37D2C16A75BD4006BBEB1 /* Cocoa.framework */,
				23E37D2E16A75BD4006BBEB1 /* Other Frameworks */,
			);
			name = Frameworks;
			sourceTree = "<group>";
		};
		23E37D2E16A75BD4006BBEB1 /* Other Frameworks */ = {
			isa = PBXGroup;
			children = (
				23E37D2F16A75BD4006BBEB1 /* AppKit.framework */,
				23E37D3016A75BD4006BBEB1 /* CoreData.framework */,
				23E37D3116A75BD4006BBEB1 /* Foundation.framework */,
			);
			name = "Other Frameworks";
			sourceTree = "<group>";
		};
		23E37D3216A75BD4006BBEB1 /* GUI_Showcase */ = {
			isa = PBXGroup;
			children = (
				23E37D3E16A75BD4006BBEB1 /* AppDelegate.h */,
				23E37D3F16A75BD4006BBEB1 /* AppDelegate.m */,
				23E37D4116A75BD4006BBEB1 /* MainMenu.xib */,
				23E37D3316A75BD4006BBEB1 /* Supporting Files */,
			);
			path = GUI_Showcase;
			sourceTree = "<group>";
		};
		23E37D3316A75BD4006BBEB1 /* Supporting Files */ = {
			isa = PBXGroup;
			children = (
				23E37D3416A75BD4006BBEB1 /* GUI_Showcase-Info.plist */,
				23E37D3516A75BD4006BBEB1 /* InfoPlist.strings */,
				23E37D3816A75BD4006BBEB1 /* main.m */,
				23E37D3A16A75BD4006BBEB1 /* GUI_Showcase-Prefix.pch */,
				23E37D3B16A75BD4006BBEB1 /* Credits.rtf */,
			);
			name = "Supporting Files";
			sourceTree = "<group>";
		};
/* End PBXGroup section */

/* Begin PBXNativeTarget section */
		23E37D2716A75BD4006BBEB1 /* GUI_Showcase */ = {
			isa = PBXNativeTarget;
			buildConfigurationList = 23E37D4616A75BD4006BBEB1 /* Build configuration list for PBXNativeTarget "GUI_Showcase" */;
			buildPhases = (
				23E37D2416A75BD4006BBEB1 /* Sources */,
				23E37D2516A75BD4006BBEB1 /* Frameworks */,
				23E37D2616A75BD4006BBEB1 /* Resources */,
			);
			buildRules = (
			);
			dependencies = (
			);
			name = GUI_Showcase;
			productName = GUI_Showcase;
			productReference = 23E37D2816A75BD4006BBEB1 /* GUI_Showcase.app */;
			productType = "com.apple.product-type.application";
		};
/* End PBXNativeTarget section */

/* Begin PBXProject section */
		23E37D1F16A75BD4006BBEB1 /* Project object */ = {
			isa = PBXProject;
			attributes = {
				LastUpgradeCheck = 0420;
				ORGANIZATIONNAME = "Lions Entertainment";
			};
			buildConfigurationList = 23E37D2216A75BD4006BBEB1 /* Build configuration list for PBXProject "GUI_Showcase" */;
			compatibilityVersion = "Xcode 3.2";
			developmentRegion = English;
			hasScannedForEncodings = 0;
			knownRegions = (
				en,
			);
			mainGroup = 23E37D1D16A75BD4006BBEB1;
			productRefGroup = 23E37D2916A75BD4006BBEB1 /* Products */;
			projectDirPath = "";
			projectRoot = "";
			targets = (
				23E37D2716A75BD4006BBEB1 /* GUI_Showcase */,
			);
		};
/* End PBXProject section */

/* Begin PBXResourcesBuildPhase section */
		23E37D2616A75BD4006BBEB1 /* Resources */ = {
			isa = PBXResourcesBuildPhase;
			buildActionMask = 2147483647;
			files = (
				23E37D3716A75BD4006BBEB1 /* InfoPlist.strings in Resources */,
				23E37D3D16A75BD4006BBEB1 /* Credits.rtf in Resources */,
				23E37D4316A75BD4006BBEB1 /* MainMenu.xib in Resources */,
			);
			runOnlyForDeploymentPostprocessing = 0;
		};
/* End PBXResourcesBuildPhase section */

/* Begin PBXSourcesBuildPhase section */
		23E37D2416A75BD4006BBEB1 /* Sources */ = {
			isa = PBXSourcesBuildPhase;
			buildActionMask = 2147483647;
			files = (
				23E37D3916A75BD4006BBEB1 /* main.m in Sources */,
				23E37D4016A75BD4006BBEB1 /* AppDelegate.m in Sources */,
			);
			runOnlyForDeploymentPostprocessing = 0;
		};
/* End PBXSourcesBuildPhase section */

/* Begin PBXVariantGroup section */
		23E37D3516A75BD4006BBEB1 /* InfoPlist.strings */ = {
			isa = PBXVariantGroup;
			children = (
				23E37D3616A75BD4006BBEB1 /* en */,
			);
			name = InfoPlist.strings;
			sourceTree = "<group>";
		};
		23E37D3B16A75BD4006BBEB1 /* Credits.rtf */ = {
			isa = PBXVariantGroup;
			children = (
				23E37D3C16A75BD4006BBEB1 /* en */,
			);
			name = Credits.rtf;
			sourceTree = "<group>";
		};
		23E37D4116A75BD4006BBEB1 /* MainMenu.xib */ = {
			isa = PBXVariantGroup;
			children = (
				23E37D4216A75BD4006BBEB1 /* en */,
			);
			name = MainMenu.xib;
			sourceTree = "<group>";
		};
/* End PBXVariantGroup section */

/* Begin XCBuildConfiguration section */
		23E37D4416A75BD4006BBEB1 /* Debug */ = {
			isa = XCBuildConfiguration;
			buildSettings = {
				ALWAYS_SEARCH_USER_PATHS = NO;
				ARCHS = "$(ARCHS_STANDARD_64_BIT)";
				COPY_PHASE_STRIP = NO;
				GCC_C_LANGUAGE_STANDARD = gnu99;
				GCC_DYNAMIC_NO_PIC = NO;
				GCC_ENABLE_OBJC_EXCEPTIONS = YES;
				GCC_OPTIMIZATION_LEVEL = 0;
				GCC_PREPROCESSOR_DEFINITIONS = (
					"DEBUG=1",
					"$(inherited)",
				);
				GCC_SYMBOLS_PRIVATE_EXTERN = NO;
				GCC_VERSION = com.apple.compilers.llvm.clang.1_0;
				GCC_WARN_64_TO_32_BIT_CONVERSION = YES;
				GCC_WARN_ABOUT_MISSING_PROTOTYPES = YES;
				GCC_WARN_ABOUT_RETURN_TYPE = YES;
				GCC_WARN_UNUSED_VARIABLE = YES;
				MACOSX_DEPLOYMENT_TARGET = 10.6;
				ONLY_ACTIVE_ARCH = YES;
				SDKROOT = macosx;
			};
			name = Debug;
		};
		23E37D4516A75BD4006BBEB1 /* Release */ = {
			isa = XCBuildConfiguration;
			buildSettings = {
				ALWAYS_SEARCH_USER_PATHS = NO;
				ARCHS = "$(ARCHS_STANDARD_64_BIT)";
				COPY_PHASE_STRIP = YES;
				DEBUG_INFORMATION_FORMAT = "dwarf-with-dsym";
				GCC_C_LANGUAGE_STANDARD = gnu99;
				GCC_ENABLE_OBJC_EXCEPTIONS = YES;
				GCC_VERSION = com.apple.compilers.llvm.clang.1_0;
				GCC_WARN_64_TO_32_BIT_CONVERSION = YES;
				GCC_WARN_ABOUT_MISSING_PROTOTYPES = YES;
				GCC_WARN_ABOUT_RETURN_TYPE = YES;
				GCC_WARN_UNUSED_VARIABLE = YES;
				MACOSX_DEPLOYMENT_TARGET = 10.6;
				SDKROOT = macosx;
			};
			name = Release;
		};
		23E37D4716A75BD4006BBEB1 /* Debug */ = {
			isa = XCBuildConfiguration;
			buildSettings = {
				GCC_PRECOMPILE_PREFIX_HEADER = YES;
				GCC_PREFIX_HEADER = "GUI_Showcase/GUI_Showcase-Prefix.pch";
				INFOPLIST_FILE = "GUI_Showcase/GUI_Showcase-Info.plist";
				PRODUCT_NAME = "$(TARGET_NAME)";
				WRAPPER_EXTENSION = app;
			};
			name = Debug;
		};
		23E37D4816A75BD4006BBEB1 /* Release */ = {
			isa = XCBuildConfiguration;
			buildSettings = {
				GCC_PRECOMPILE_PREFIX_HEADER = YES;
				GCC_PREFIX_HEADER = "GUI_Showcase/GUI_Showcase-Prefix.pch";
				INFOPLIST_FILE = "GUI_Showcase/GUI_Showcase-Info.plist";
				PRODUCT_NAME = "$(TARGET_NAME)";
				WRAPPER_EXTENSION = app;
			};
			name = Release;
		};
/* End XCBuildConfiguration section */

/* Begin XCConfigurationList section */
		23E37D2216A75BD4006BBEB1 /* Build configuration list for PBXProject "GUI_Showcase" */ = {
			isa = XCConfigurationList;
			buildConfigurations = (
				23E37D4416A75BD4006BBEB1 /* Debug */,
				23E37D4516A75BD4006BBEB1 /* Release */,
			);
			defaultConfigurationIsVisible = 0;
			defaultConfigurationName = Release;
		};
		23E37D4616A75BD4006BBEB1 /* Build configuration list for PBXNativeTarget "GUI_Showcase" */ = {
			isa = XCConfigurationList;
			buildConfigurations = (
				23E37D4716A75BD4006BBEB1 /* Debug */,
				23E37D4816A75BD4006BBEB1 /* Release */,
			);
			defaultConfigurationIsVisible = 0;
		};
/* End XCConfigurationList section */
	};
	rootObject = 23E37D1F16A75BD4006BBEB1 /* Project object */;
}
